
Microsoft Visual Studio Solution File, Format Version 12.00
# Visual Studio 2013
VisualStudioVersion = 12.0.30723.0
MinimumVisualStudioVersion = 10.0.40219.1
Project("{FAE04EC0-301F-11D3-BF4B-00C04F79EFBC}") = "idoc", "idoc\idoc.csproj", "{43A5E191-602E-48B8-B57C-352A0A06E8FF}"
EndProject
Project("{FAE04EC0-301F-11D3-BF4B-00C04F79EFBC}") = "idoc.UnitTests", "idoc.UnitTests\idoc.UnitTests.csproj", "{18801333-43C1-4CE2-8B05-E82E71949B5C}"
EndProject
Project("{FAE04EC0-301F-11D3-BF4B-00C04F79EFBC}") = "idoccore", "idoccore\idoccore\idoccore.csproj", "{65B435D4-2BDA-4105-95DE-30E0C7D95AEF}"
EndProject
Project("{FAE04EC0-301F-11D3-BF4B-00C04F79EFBC}") = "idocdata", "idocdata\idocdata\idocdata.csproj", "{05CB8D0E-61CB-4BC1-8111-9FC57D60F142}"
EndProject
Project("{FAE04EC0-301F-11D3-BF4B-00C04F79EFBC}") = "idocservice", "idocservice\idocservice\idocservice.csproj", "{5F0F1812-1AC5-4631-AC1F-81D3B9CB3BAD}"
EndProject
Global
	GlobalSection(SolutionConfigurationPlatforms) = preSolution
		Debug|Any CPU = Debug|Any CPU
		Release|Any CPU = Release|Any CPU
	EndGlobalSection
	GlobalSection(ProjectConfigurationPlatforms) = postSolution
		{43A5E191-602E-48B8-B57C-352A0A06E8FF}.Debug|Any CPU.ActiveCfg = Debug|Any CPU
		{43A5E191-602E-48B8-B57C-352A0A06E8FF}.Debug|Any CPU.Build.0 = Debug|Any CPU
		{43A5E191-602E-48B8-B57C-352A0A06E8FF}.Release|Any CPU.ActiveCfg = Release|Any CPU
		{43A5E191-602E-48B8-B57C-352A0A06E8FF}.Release|Any CPU.Build.0 = Release|Any CPU
		{18801333-43C1-4CE2-8B05-E82E71949B5C}.Debug|Any CPU.ActiveCfg = Debug|Any CPU
		{18801333-43C1-4CE2-8B05-E82E71949B5C}.Debug|Any CPU.Build.0 = Debug|Any CPU
		{18801333-43C1-4CE2-8B05-E82E71949B5C}.Release|Any CPU.ActiveCfg = Release|Any CPU
		{18801333-43C1-4CE2-8B05-E82E71949B5C}.Release|Any CPU.Build.0 = Release|Any CPU
		{65B435D4-2BDA-4105-95DE-30E0C7D95AEF}.Debug|Any CPU.ActiveCfg = Debug|Any CPU
		{65B435D4-2BDA-4105-95DE-30E0C7D95AEF}.Debug|Any CPU.Build.0 = Debug|Any CPU
		{65B435D4-2BDA-4105-95DE-30E0C7D95AEF}.Release|Any CPU.ActiveCfg = Release|Any CPU
		{65B435D4-2BDA-4105-95DE-30E0C7D95AEF}.Release|Any CPU.Build.0 = Release|Any CPU
		{05CB8D0E-61CB-4BC1-8111-9FC57D60F142}.Debug|Any CPU.ActiveCfg = Debug|Any CPU
		{05CB8D0E-61CB-4BC1-8111-9FC57D60F142}.Debug|Any CPU.Build.0 = Debug|Any CPU
		{05CB8D0E-61CB-4BC1-8111-9FC57D60F142}.Release|Any CPU.ActiveCfg = Release|Any CPU
		{05CB8D0E-61CB-4BC1-8111-9FC57D60F142}.Release|Any CPU.Build.0 = Release|Any CPU
		{5F0F1812-1AC5-4631-AC1F-81D3B9CB3BAD}.Debug|Any CPU.ActiveCfg = Debug|Any CPU
		{5F0F1812-1AC5-4631-AC1F-81D3B9CB3BAD}.Debug|Any CPU.Build.0 = Debug|Any CPU
		{5F0F1812-1AC5-4631-AC1F-81D3B9CB3BAD}.Release|Any CPU.ActiveCfg = Release|Any CPU
		{5F0F1812-1AC5-4631-AC1F-81D3B9CB3BAD}.Release|Any CPU.Build.0 = Release|Any CPU
	EndGlobalSection
	GlobalSection(SolutionProperties) = preSolution
		HideSolutionNode = FALSE
	EndGlobalSection
EndGlobal
